
Microsoft Visual Studio Solution File, Format Version 12.00
# Visual Studio Version 17
VisualStudioVersion = 17.3.32804.467
MinimumVisualStudioVersion = 10.0.40219.1
Project("{9A19103F-16F7-4668-BE54-9A1E7A4F7556}") = "CardStorageService", "CardStorageService\CardStorageService.csproj", "{4442FB75-E929-4023-AFF4-510E39DA1CD7}"
EndProject
Project("{2150E333-8FDC-42A3-9474-1A3956D46DE8}") = "Solution Items", "Solution Items", "{DA3AC78B-749F-43BC-83A7-73830D2A08E4}"
	ProjectSection(SolutionItems) = preProject
		ef.readme.txt = ef.readme.txt
	EndProjectSection
EndProject
Project("{9A19103F-16F7-4668-BE54-9A1E7A4F7556}") = "CardStorageService.Data", "CardStorageService.Data\CardStorageService.Data.csproj", "{C90578A3-EB0F-4FDF-A9EE-09817BA56B38}"
EndProject
Project("{9A19103F-16F7-4668-BE54-9A1E7A4F7556}") = "JwtSample", "JwtSample\JwtSample.csproj", "{20FEA335-0FCF-4E9D-AD1C-D7330F9AC7E5}"
EndProject
Project("{9A19103F-16F7-4668-BE54-9A1E7A4F7556}") = "PasswordUtilsClient", "PasswordUtilsClient\PasswordUtilsClient.csproj", "{5B387CBD-7369-445E-90D3-DFD4791A6ECD}"
EndProject
Project("{9A19103F-16F7-4668-BE54-9A1E7A4F7556}") = "Patterns", "Patterns\Patterns.csproj", "{1492016E-45A4-4DF4-991F-11BFF026D6E5}"
EndProject
Project("{9A19103F-16F7-4668-BE54-9A1E7A4F7556}") = "CardStorageClient", "CardStorageClient\CardStorageClient.csproj", "{1670C84B-344D-4763-B21A-D23FD4D33512}"
EndProject
Global
	GlobalSection(SolutionConfigurationPlatforms) = preSolution
		Debug|Any CPU = Debug|Any CPU
		Release|Any CPU = Release|Any CPU
	EndGlobalSection
	GlobalSection(ProjectConfigurationPlatforms) = postSolution
		{4442FB75-E929-4023-AFF4-510E39DA1CD7}.Debug|Any CPU.ActiveCfg = Debug|Any CPU
		{4442FB75-E929-4023-AFF4-510E39DA1CD7}.Debug|Any CPU.Build.0 = Debug|Any CPU
		{4442FB75-E929-4023-AFF4-510E39DA1CD7}.Release|Any CPU.ActiveCfg = Release|Any CPU
		{4442FB75-E929-4023-AFF4-510E39DA1CD7}.Release|Any CPU.Build.0 = Release|Any CPU
		{C90578A3-EB0F-4FDF-A9EE-09817BA56B38}.Debug|Any CPU.ActiveCfg = Debug|Any CPU
		{C90578A3-EB0F-4FDF-A9EE-09817BA56B38}.Debug|Any CPU.Build.0 = Debug|Any CPU
		{C90578A3-EB0F-4FDF-A9EE-09817BA56B38}.Release|Any CPU.ActiveCfg = Release|Any CPU
		{C90578A3-EB0F-4FDF-A9EE-09817BA56B38}.Release|Any CPU.Build.0 = Release|Any CPU
		{20FEA335-0FCF-4E9D-AD1C-D7330F9AC7E5}.Debug|Any CPU.ActiveCfg = Debug|Any CPU
		{20FEA335-0FCF-4E9D-AD1C-D7330F9AC7E5}.Debug|Any CPU.Build.0 = Debug|Any CPU
		{20FEA335-0FCF-4E9D-AD1C-D7330F9AC7E5}.Release|Any CPU.ActiveCfg = Release|Any CPU
		{20FEA335-0FCF-4E9D-AD1C-D7330F9AC7E5}.Release|Any CPU.Build.0 = Release|Any CPU
		{5B387CBD-7369-445E-90D3-DFD4791A6ECD}.Debug|Any CPU.ActiveCfg = Debug|Any CPU
		{5B387CBD-7369-445E-90D3-DFD4791A6ECD}.Debug|Any CPU.Build.0 = Debug|Any CPU
		{5B387CBD-7369-445E-90D3-DFD4791A6ECD}.Release|Any CPU.ActiveCfg = Release|Any CPU
		{5B387CBD-7369-445E-90D3-DFD4791A6ECD}.Release|Any CPU.Build.0 = Release|Any CPU
		{1492016E-45A4-4DF4-991F-11BFF026D6E5}.Debug|Any CPU.ActiveCfg = Debug|Any CPU
		{1492016E-45A4-4DF4-991F-11BFF026D6E5}.Debug|Any CPU.Build.0 = Debug|Any CPU
		{1492016E-45A4-4DF4-991F-11BFF026D6E5}.Release|Any CPU.ActiveCfg = Release|Any CPU
		{1492016E-45A4-4DF4-991F-11BFF026D6E5}.Release|Any CPU.Build.0 = Release|Any CPU
		{1670C84B-344D-4763-B21A-D23FD4D33512}.Debug|Any CPU.ActiveCfg = Debug|Any CPU
		{1670C84B-344D-4763-B21A-D23FD4D33512}.Debug|Any CPU.Build.0 = Debug|Any CPU
		{1670C84B-344D-4763-B21A-D23FD4D33512}.Release|Any CPU.ActiveCfg = Release|Any CPU
		{1670C84B-344D-4763-B21A-D23FD4D33512}.Release|Any CPU.Build.0 = Release|Any CPU
	EndGlobalSection
	GlobalSection(SolutionProperties) = preSolution
		HideSolutionNode = FALSE
	EndGlobalSection
	GlobalSection(ExtensibilityGlobals) = postSolution
		SolutionGuid = {F95EDBCC-F418-4858-8A84-D99E047A68A0}
	EndGlobalSection
EndGlobal
